
Microsoft Visual Studio Solution File, Format Version 12.00
# Visual Studio Version 17
VisualStudioVersion = 17.2.32526.322
MinimumVisualStudioVersion = 10.0.40219.1
Project("{FAE04EC0-301F-11D3-BF4B-00C04F79EFBC}") = "Seguimineto COVID", "Seguimineto COVID.csproj", "{B221DC4E-D97F-4243-9C02-AB055DD3F591}"
EndProject
Global
	GlobalSection(SolutionConfigurationPlatforms) = preSolution
		Debug|Any CPU = Debug|Any CPU
		Release|Any CPU = Release|Any CPU
	EndGlobalSection
	GlobalSection(ProjectConfigurationPlatforms) = postSolution
		{B221DC4E-D97F-4243-9C02-AB055DD3F591}.Debug|Any CPU.ActiveCfg = Debug|Any CPU
		{B221DC4E-D97F-4243-9C02-AB055DD3F591}.Debug|Any CPU.Build.0 = Debug|Any CPU
		{B221DC4E-D97F-4243-9C02-AB055DD3F591}.Release|Any CPU.ActiveCfg = Release|Any CPU
		{B221DC4E-D97F-4243-9C02-AB055DD3F591}.Release|Any CPU.Build.0 = Release|Any CPU
	EndGlobalSection
	GlobalSection(SolutionProperties) = preSolution
		HideSolutionNode = FALSE
	EndGlobalSection
	GlobalSection(ExtensibilityGlobals) = postSolution
		SolutionGuid = {673B562C-3345-406C-A5BD-6830F326861D}
	EndGlobalSection
EndGlobal
